
Microsoft Visual Studio Solution File, Format Version 12.00
Project("{2150E333-8FDC-42A3-9474-1A3956D46DE8}") = "src", "src", "{36F5CDCA-7CB7-4734-8CA6-49F044775916}"
EndProject
Project("{FAE04EC0-301F-11D3-BF4B-00C04F79EFBC}") = "FiscalLabService.API", "src\FiscalLabService.API\FiscalLabService.API.csproj", "{8572C785-B589-4D07-BC4E-D108A57659FF}"
EndProject
Project("{FAE04EC0-301F-11D3-BF4B-00C04F79EFBC}") = "FiscalLabService.Domain", "src\FiscalLabService.Domain\FiscalLabService.Domain.csproj", "{F90D3D99-697E-4978-9108-D6A004D51591}"
EndProject
Project("{FAE04EC0-301F-11D3-BF4B-00C04F79EFBC}") = "FiscalLabService.App", "src\FiscalLabService.App\FiscalLabService.App.csproj", "{64C88C0E-E679-435B-8931-EE7DFAB19C06}"
EndProject
Project("{FAE04EC0-301F-11D3-BF4B-00C04F79EFBC}") = "FiscalLabService.Repository.PostgreSql", "src\FiscalLabService.Repository.PostgreSql\FiscalLabService.Repository.PostgreSql.csproj", "{DCEAB664-1A22-4917-B443-8A755D516A18}"
EndProject
Project("{FAE04EC0-301F-11D3-BF4B-00C04F79EFBC}") = "FiscalLabService.Shared", "src\FiscalLabService.Shared\FiscalLabService.Shared.csproj", "{06474672-9E77-43BD-A255-0C1B8CE57173}"
EndProject
Global
	GlobalSection(SolutionConfigurationPlatforms) = preSolution
		Debug|Any CPU = Debug|Any CPU
		Release|Any CPU = Release|Any CPU
	EndGlobalSection
	GlobalSection(NestedProjects) = preSolution
		{8572C785-B589-4D07-BC4E-D108A57659FF} = {36F5CDCA-7CB7-4734-8CA6-49F044775916}
		{F90D3D99-697E-4978-9108-D6A004D51591} = {36F5CDCA-7CB7-4734-8CA6-49F044775916}
		{64C88C0E-E679-435B-8931-EE7DFAB19C06} = {36F5CDCA-7CB7-4734-8CA6-49F044775916}
		{DCEAB664-1A22-4917-B443-8A755D516A18} = {36F5CDCA-7CB7-4734-8CA6-49F044775916}
		{06474672-9E77-43BD-A255-0C1B8CE57173} = {36F5CDCA-7CB7-4734-8CA6-49F044775916}
	EndGlobalSection
	GlobalSection(ProjectConfigurationPlatforms) = postSolution
		{8572C785-B589-4D07-BC4E-D108A57659FF}.Debug|Any CPU.ActiveCfg = Debug|Any CPU
		{8572C785-B589-4D07-BC4E-D108A57659FF}.Debug|Any CPU.Build.0 = Debug|Any CPU
		{8572C785-B589-4D07-BC4E-D108A57659FF}.Release|Any CPU.ActiveCfg = Release|Any CPU
		{8572C785-B589-4D07-BC4E-D108A57659FF}.Release|Any CPU.Build.0 = Release|Any CPU
		{F90D3D99-697E-4978-9108-D6A004D51591}.Debug|Any CPU.ActiveCfg = Debug|Any CPU
		{F90D3D99-697E-4978-9108-D6A004D51591}.Debug|Any CPU.Build.0 = Debug|Any CPU
		{F90D3D99-697E-4978-9108-D6A004D51591}.Release|Any CPU.ActiveCfg = Release|Any CPU
		{F90D3D99-697E-4978-9108-D6A004D51591}.Release|Any CPU.Build.0 = Release|Any CPU
		{64C88C0E-E679-435B-8931-EE7DFAB19C06}.Debug|Any CPU.ActiveCfg = Debug|Any CPU
		{64C88C0E-E679-435B-8931-EE7DFAB19C06}.Debug|Any CPU.Build.0 = Debug|Any CPU
		{64C88C0E-E679-435B-8931-EE7DFAB19C06}.Release|Any CPU.ActiveCfg = Release|Any CPU
		{64C88C0E-E679-435B-8931-EE7DFAB19C06}.Release|Any CPU.Build.0 = Release|Any CPU
		{DCEAB664-1A22-4917-B443-8A755D516A18}.Debug|Any CPU.ActiveCfg = Debug|Any CPU
		{DCEAB664-1A22-4917-B443-8A755D516A18}.Debug|Any CPU.Build.0 = Debug|Any CPU
		{DCEAB664-1A22-4917-B443-8A755D516A18}.Release|Any CPU.ActiveCfg = Release|Any CPU
		{DCEAB664-1A22-4917-B443-8A755D516A18}.Release|Any CPU.Build.0 = Release|Any CPU
		{06474672-9E77-43BD-A255-0C1B8CE57173}.Debug|Any CPU.ActiveCfg = Debug|Any CPU
		{06474672-9E77-43BD-A255-0C1B8CE57173}.Debug|Any CPU.Build.0 = Debug|Any CPU
		{06474672-9E77-43BD-A255-0C1B8CE57173}.Release|Any CPU.ActiveCfg = Release|Any CPU
		{06474672-9E77-43BD-A255-0C1B8CE57173}.Release|Any CPU.Build.0 = Release|Any CPU
	EndGlobalSection
EndGlobal
